
Microsoft Visual Studio Solution File, Format Version 12.00
# Visual Studio Version 17
VisualStudioVersion = 17.0.31903.59
MinimumVisualStudioVersion = 10.0.40219.1
Project("{2150E333-8FDC-42A3-9474-1A3956D46DE8}") = "platform", "platform", "{4AE8D3DC-FA65-44C7-B79F-983721AD7CFA}"
EndProject
Project("{FAE04EC0-301F-11D3-BF4B-00C04F79EFBC}") = "NickERP.Platform.Core", "platform\NickERP.Platform.Core\NickERP.Platform.Core.csproj", "{1CFFA3DB-5A95-4FFA-9A4D-F3F6691148E5}"
EndProject
Project("{FAE04EC0-301F-11D3-BF4B-00C04F79EFBC}") = "NickERP.Platform.Web.Shared", "platform\NickERP.Platform.Web.Shared\NickERP.Platform.Web.Shared.csproj", "{CF443847-21F4-417F-B230-C030117B8EE9}"
EndProject
Project("{2150E333-8FDC-42A3-9474-1A3956D46DE8}") = "services", "services", "{68A43316-4B38-4A26-B973-3534FB344B69}"
EndProject
Project("{FAE04EC0-301F-11D3-BF4B-00C04F79EFBC}") = "NickComms.Gateway", "services\NickComms.Gateway\NickComms.Gateway.csproj", "{0EF8803D-9DBF-496E-BB10-507D750CDCDD}"
EndProject
Project("{FAE04EC0-301F-11D3-BF4B-00C04F79EFBC}") = "NickERP.Platform.Tenancy", "platform\NickERP.Platform.Tenancy\NickERP.Platform.Tenancy.csproj", "{0C2363AC-A5E1-450F-BEA4-C496AA499A79}"
EndProject
Project("{FAE04EC0-301F-11D3-BF4B-00C04F79EFBC}") = "NickERP.Platform.Tenancy.Database", "platform\NickERP.Platform.Tenancy.Database\NickERP.Platform.Tenancy.Database.csproj", "{4BFF88A8-3B38-4F28-9F27-DD8D60865634}"
EndProject
Project("{FAE04EC0-301F-11D3-BF4B-00C04F79EFBC}") = "NickERP.Portal", "platform\NickERP.Portal\NickERP.Portal.csproj", "{C7C3E7FF-720D-4E2B-A7CC-A9C4380B558F}"
EndProject
Project("{2150E333-8FDC-42A3-9474-1A3956D46DE8}") = "finance", "finance", "{B116B1B3-9AE8-BDA1-8853-C5505B0E90AE}"
EndProject
Project("{FAE04EC0-301F-11D3-BF4B-00C04F79EFBC}") = "NickFinance.Ledger", "finance\NickFinance.Ledger\NickFinance.Ledger.csproj", "{BF2C20DB-E982-41EA-BC7A-DCA7231F2CBC}"
EndProject
Project("{FAE04EC0-301F-11D3-BF4B-00C04F79EFBC}") = "NickFinance.Coa", "finance\NickFinance.Coa\NickFinance.Coa.csproj", "{127F9DFE-3319-412B-B5DB-AA43D49483AC}"
EndProject
Project("{FAE04EC0-301F-11D3-BF4B-00C04F79EFBC}") = "NickFinance.Ledger.Tests", "finance\NickFinance.Ledger.Tests\NickFinance.Ledger.Tests.csproj", "{00A0A42B-B432-43F8-880B-94659FEC9250}"
EndProject
Project("{FAE04EC0-301F-11D3-BF4B-00C04F79EFBC}") = "NickFinance.PettyCash", "finance\NickFinance.PettyCash\NickFinance.PettyCash.csproj", "{466243B7-33C7-404E-8ABB-E68314DC47F8}"
EndProject
Project("{FAE04EC0-301F-11D3-BF4B-00C04F79EFBC}") = "NickFinance.PettyCash.Tests", "finance\NickFinance.PettyCash.Tests\NickFinance.PettyCash.Tests.csproj", "{E994D4CB-F578-4D6A-AB46-6CE49A953834}"
EndProject
Project("{FAE04EC0-301F-11D3-BF4B-00C04F79EFBC}") = "NickFinance.TaxEngine", "finance\NickFinance.TaxEngine\NickFinance.TaxEngine.csproj", "{85DA0291-5791-445B-935E-68F01497E00C}"
EndProject
Project("{FAE04EC0-301F-11D3-BF4B-00C04F79EFBC}") = "NickFinance.TaxEngine.Tests", "finance\NickFinance.TaxEngine.Tests\NickFinance.TaxEngine.Tests.csproj", "{ABBF2576-8979-44B0-B650-FD15B0B45A49}"
EndProject
Project("{FAE04EC0-301F-11D3-BF4B-00C04F79EFBC}") = "NickFinance.Database.Bootstrap", "finance\NickFinance.Database.Bootstrap\NickFinance.Database.Bootstrap.csproj", "{F0187852-1A79-482D-A177-9F835BB0DD92}"
EndProject
Project("{FAE04EC0-301F-11D3-BF4B-00C04F79EFBC}") = "NickFinance.Reporting", "finance\NickFinance.Reporting\NickFinance.Reporting.csproj", "{50C52B22-DEC5-4CD2-8996-7DADEB68EA66}"
EndProject
Project("{FAE04EC0-301F-11D3-BF4B-00C04F79EFBC}") = "NickFinance.Reporting.Tests", "finance\NickFinance.Reporting.Tests\NickFinance.Reporting.Tests.csproj", "{9839C02D-5447-44DF-8859-A217093DDF25}"
EndProject
Global
	GlobalSection(SolutionConfigurationPlatforms) = preSolution
		Debug|Any CPU = Debug|Any CPU
		Debug|x64 = Debug|x64
		Debug|x86 = Debug|x86
		Release|Any CPU = Release|Any CPU
		Release|x64 = Release|x64
		Release|x86 = Release|x86
	EndGlobalSection
	GlobalSection(ProjectConfigurationPlatforms) = postSolution
		{1CFFA3DB-5A95-4FFA-9A4D-F3F6691148E5}.Debug|Any CPU.ActiveCfg = Debug|Any CPU
		{1CFFA3DB-5A95-4FFA-9A4D-F3F6691148E5}.Debug|Any CPU.Build.0 = Debug|Any CPU
		{1CFFA3DB-5A95-4FFA-9A4D-F3F6691148E5}.Debug|x64.ActiveCfg = Debug|Any CPU
		{1CFFA3DB-5A95-4FFA-9A4D-F3F6691148E5}.Debug|x64.Build.0 = Debug|Any CPU
		{1CFFA3DB-5A95-4FFA-9A4D-F3F6691148E5}.Debug|x86.ActiveCfg = Debug|Any CPU
		{1CFFA3DB-5A95-4FFA-9A4D-F3F6691148E5}.Debug|x86.Build.0 = Debug|Any CPU
		{1CFFA3DB-5A95-4FFA-9A4D-F3F6691148E5}.Release|Any CPU.ActiveCfg = Release|Any CPU
		{1CFFA3DB-5A95-4FFA-9A4D-F3F6691148E5}.Release|Any CPU.Build.0 = Release|Any CPU
		{1CFFA3DB-5A95-4FFA-9A4D-F3F6691148E5}.Release|x64.ActiveCfg = Release|Any CPU
		{1CFFA3DB-5A95-4FFA-9A4D-F3F6691148E5}.Release|x64.Build.0 = Release|Any CPU
		{1CFFA3DB-5A95-4FFA-9A4D-F3F6691148E5}.Release|x86.ActiveCfg = Release|Any CPU
		{1CFFA3DB-5A95-4FFA-9A4D-F3F6691148E5}.Release|x86.Build.0 = Release|Any CPU
		{CF443847-21F4-417F-B230-C030117B8EE9}.Debug|Any CPU.ActiveCfg = Debug|Any CPU
		{CF443847-21F4-417F-B230-C030117B8EE9}.Debug|Any CPU.Build.0 = Debug|Any CPU
		{CF443847-21F4-417F-B230-C030117B8EE9}.Debug|x64.ActiveCfg = Debug|Any CPU
		{CF443847-21F4-417F-B230-C030117B8EE9}.Debug|x64.Build.0 = Debug|Any CPU
		{CF443847-21F4-417F-B230-C030117B8EE9}.Debug|x86.ActiveCfg = Debug|Any CPU
		{CF443847-21F4-417F-B230-C030117B8EE9}.Debug|x86.Build.0 = Debug|Any CPU
		{CF443847-21F4-417F-B230-C030117B8EE9}.Release|Any CPU.ActiveCfg = Release|Any CPU
		{CF443847-21F4-417F-B230-C030117B8EE9}.Release|Any CPU.Build.0 = Release|Any CPU
		{CF443847-21F4-417F-B230-C030117B8EE9}.Release|x64.ActiveCfg = Release|Any CPU
		{CF443847-21F4-417F-B230-C030117B8EE9}.Release|x64.Build.0 = Release|Any CPU
		{CF443847-21F4-417F-B230-C030117B8EE9}.Release|x86.ActiveCfg = Release|Any CPU
		{CF443847-21F4-417F-B230-C030117B8EE9}.Release|x86.Build.0 = Release|Any CPU
		{0EF8803D-9DBF-496E-BB10-507D750CDCDD}.Debug|Any CPU.ActiveCfg = Debug|Any CPU
		{0EF8803D-9DBF-496E-BB10-507D750CDCDD}.Debug|Any CPU.Build.0 = Debug|Any CPU
		{0EF8803D-9DBF-496E-BB10-507D750CDCDD}.Debug|x64.ActiveCfg = Debug|Any CPU
		{0EF8803D-9DBF-496E-BB10-507D750CDCDD}.Debug|x64.Build.0 = Debug|Any CPU
		{0EF8803D-9DBF-496E-BB10-507D750CDCDD}.Debug|x86.ActiveCfg = Debug|Any CPU
		{0EF8803D-9DBF-496E-BB10-507D750CDCDD}.Debug|x86.Build.0 = Debug|Any CPU
		{0EF8803D-9DBF-496E-BB10-507D750CDCDD}.Release|Any CPU.ActiveCfg = Release|Any CPU
		{0EF8803D-9DBF-496E-BB10-507D750CDCDD}.Release|Any CPU.Build.0 = Release|Any CPU
		{0EF8803D-9DBF-496E-BB10-507D750CDCDD}.Release|x64.ActiveCfg = Release|Any CPU
		{0EF8803D-9DBF-496E-BB10-507D750CDCDD}.Release|x64.Build.0 = Release|Any CPU
		{0EF8803D-9DBF-496E-BB10-507D750CDCDD}.Release|x86.ActiveCfg = Release|Any CPU
		{0EF8803D-9DBF-496E-BB10-507D750CDCDD}.Release|x86.Build.0 = Release|Any CPU
		{0C2363AC-A5E1-450F-BEA4-C496AA499A79}.Debug|Any CPU.ActiveCfg = Debug|Any CPU
		{0C2363AC-A5E1-450F-BEA4-C496AA499A79}.Debug|Any CPU.Build.0 = Debug|Any CPU
		{0C2363AC-A5E1-450F-BEA4-C496AA499A79}.Debug|x64.ActiveCfg = Debug|Any CPU
		{0C2363AC-A5E1-450F-BEA4-C496AA499A79}.Debug|x64.Build.0 = Debug|Any CPU
		{0C2363AC-A5E1-450F-BEA4-C496AA499A79}.Debug|x86.ActiveCfg = Debug|Any CPU
		{0C2363AC-A5E1-450F-BEA4-C496AA499A79}.Debug|x86.Build.0 = Debug|Any CPU
		{0C2363AC-A5E1-450F-BEA4-C496AA499A79}.Release|Any CPU.ActiveCfg = Release|Any CPU
		{0C2363AC-A5E1-450F-BEA4-C496AA499A79}.Release|Any CPU.Build.0 = Release|Any CPU
		{0C2363AC-A5E1-450F-BEA4-C496AA499A79}.Release|x64.ActiveCfg = Release|Any CPU
		{0C2363AC-A5E1-450F-BEA4-C496AA499A79}.Release|x64.Build.0 = Release|Any CPU
		{0C2363AC-A5E1-450F-BEA4-C496AA499A79}.Release|x86.ActiveCfg = Release|Any CPU
		{0C2363AC-A5E1-450F-BEA4-C496AA499A79}.Release|x86.Build.0 = Release|Any CPU
		{4BFF88A8-3B38-4F28-9F27-DD8D60865634}.Debug|Any CPU.ActiveCfg = Debug|Any CPU
		{4BFF88A8-3B38-4F28-9F27-DD8D60865634}.Debug|Any CPU.Build.0 = Debug|Any CPU
		{4BFF88A8-3B38-4F28-9F27-DD8D60865634}.Debug|x64.ActiveCfg = Debug|Any CPU
		{4BFF88A8-3B38-4F28-9F27-DD8D60865634}.Debug|x64.Build.0 = Debug|Any CPU
		{4BFF88A8-3B38-4F28-9F27-DD8D60865634}.Debug|x86.ActiveCfg = Debug|Any CPU
		{4BFF88A8-3B38-4F28-9F27-DD8D60865634}.Debug|x86.Build.0 = Debug|Any CPU
		{4BFF88A8-3B38-4F28-9F27-DD8D60865634}.Release|Any CPU.ActiveCfg = Release|Any CPU
		{4BFF88A8-3B38-4F28-9F27-DD8D60865634}.Release|Any CPU.Build.0 = Release|Any CPU
		{4BFF88A8-3B38-4F28-9F27-DD8D60865634}.Release|x64.ActiveCfg = Release|Any CPU
		{4BFF88A8-3B38-4F28-9F27-DD8D60865634}.Release|x64.Build.0 = Release|Any CPU
		{4BFF88A8-3B38-4F28-9F27-DD8D60865634}.Release|x86.ActiveCfg = Release|Any CPU
		{4BFF88A8-3B38-4F28-9F27-DD8D60865634}.Release|x86.Build.0 = Release|Any CPU
		{C7C3E7FF-720D-4E2B-A7CC-A9C4380B558F}.Debug|Any CPU.ActiveCfg = Debug|Any CPU
		{C7C3E7FF-720D-4E2B-A7CC-A9C4380B558F}.Debug|Any CPU.Build.0 = Debug|Any CPU
		{C7C3E7FF-720D-4E2B-A7CC-A9C4380B558F}.Debug|x64.ActiveCfg = Debug|Any CPU
		{C7C3E7FF-720D-4E2B-A7CC-A9C4380B558F}.Debug|x64.Build.0 = Debug|Any CPU
		{C7C3E7FF-720D-4E2B-A7CC-A9C4380B558F}.Debug|x86.ActiveCfg = Debug|Any CPU
		{C7C3E7FF-720D-4E2B-A7CC-A9C4380B558F}.Debug|x86.Build.0 = Debug|Any CPU
		{C7C3E7FF-720D-4E2B-A7CC-A9C4380B558F}.Release|Any CPU.ActiveCfg = Release|Any CPU
		{C7C3E7FF-720D-4E2B-A7CC-A9C4380B558F}.Release|Any CPU.Build.0 = Release|Any CPU
		{C7C3E7FF-720D-4E2B-A7CC-A9C4380B558F}.Release|x64.ActiveCfg = Release|Any CPU
		{C7C3E7FF-720D-4E2B-A7CC-A9C4380B558F}.Release|x64.Build.0 = Release|Any CPU
		{C7C3E7FF-720D-4E2B-A7CC-A9C4380B558F}.Release|x86.ActiveCfg = Release|Any CPU
		{C7C3E7FF-720D-4E2B-A7CC-A9C4380B558F}.Release|x86.Build.0 = Release|Any CPU
		{BF2C20DB-E982-41EA-BC7A-DCA7231F2CBC}.Debug|Any CPU.ActiveCfg = Debug|Any CPU
		{BF2C20DB-E982-41EA-BC7A-DCA7231F2CBC}.Debug|Any CPU.Build.0 = Debug|Any CPU
		{BF2C20DB-E982-41EA-BC7A-DCA7231F2CBC}.Debug|x64.ActiveCfg = Debug|Any CPU
		{BF2C20DB-E982-41EA-BC7A-DCA7231F2CBC}.Debug|x64.Build.0 = Debug|Any CPU
		{BF2C20DB-E982-41EA-BC7A-DCA7231F2CBC}.Debug|x86.ActiveCfg = Debug|Any CPU
		{BF2C20DB-E982-41EA-BC7A-DCA7231F2CBC}.Debug|x86.Build.0 = Debug|Any CPU
		{BF2C20DB-E982-41EA-BC7A-DCA7231F2CBC}.Release|Any CPU.ActiveCfg = Release|Any CPU
		{BF2C20DB-E982-41EA-BC7A-DCA7231F2CBC}.Release|Any CPU.Build.0 = Release|Any CPU
		{BF2C20DB-E982-41EA-BC7A-DCA7231F2CBC}.Release|x64.ActiveCfg = Release|Any CPU
		{BF2C20DB-E982-41EA-BC7A-DCA7231F2CBC}.Release|x64.Build.0 = Release|Any CPU
		{BF2C20DB-E982-41EA-BC7A-DCA7231F2CBC}.Release|x86.ActiveCfg = Release|Any CPU
		{BF2C20DB-E982-41EA-BC7A-DCA7231F2CBC}.Release|x86.Build.0 = Release|Any CPU
		{127F9DFE-3319-412B-B5DB-AA43D49483AC}.Debug|Any CPU.ActiveCfg = Debug|Any CPU
		{127F9DFE-3319-412B-B5DB-AA43D49483AC}.Debug|Any CPU.Build.0 = Debug|Any CPU
		{127F9DFE-3319-412B-B5DB-AA43D49483AC}.Debug|x64.ActiveCfg = Debug|Any CPU
		{127F9DFE-3319-412B-B5DB-AA43D49483AC}.Debug|x64.Build.0 = Debug|Any CPU
		{127F9DFE-3319-412B-B5DB-AA43D49483AC}.Debug|x86.ActiveCfg = Debug|Any CPU
		{127F9DFE-3319-412B-B5DB-AA43D49483AC}.Debug|x86.Build.0 = Debug|Any CPU
		{127F9DFE-3319-412B-B5DB-AA43D49483AC}.Release|Any CPU.ActiveCfg = Release|Any CPU
		{127F9DFE-3319-412B-B5DB-AA43D49483AC}.Release|Any CPU.Build.0 = Release|Any CPU
		{127F9DFE-3319-412B-B5DB-AA43D49483AC}.Release|x64.ActiveCfg = Release|Any CPU
		{127F9DFE-3319-412B-B5DB-AA43D49483AC}.Release|x64.Build.0 = Release|Any CPU
		{127F9DFE-3319-412B-B5DB-AA43D49483AC}.Release|x86.ActiveCfg = Release|Any CPU
		{127F9DFE-3319-412B-B5DB-AA43D49483AC}.Release|x86.Build.0 = Release|Any CPU
		{00A0A42B-B432-43F8-880B-94659FEC9250}.Debug|Any CPU.ActiveCfg = Debug|Any CPU
		{00A0A42B-B432-43F8-880B-94659FEC9250}.Debug|Any CPU.Build.0 = Debug|Any CPU
		{00A0A42B-B432-43F8-880B-94659FEC9250}.Debug|x64.ActiveCfg = Debug|Any CPU
		{00A0A42B-B432-43F8-880B-94659FEC9250}.Debug|x64.Build.0 = Debug|Any CPU
		{00A0A42B-B432-43F8-880B-94659FEC9250}.Debug|x86.ActiveCfg = Debug|Any CPU
		{00A0A42B-B432-43F8-880B-94659FEC9250}.Debug|x86.Build.0 = Debug|Any CPU
		{00A0A42B-B432-43F8-880B-94659FEC9250}.Release|Any CPU.ActiveCfg = Release|Any CPU
		{00A0A42B-B432-43F8-880B-94659FEC9250}.Release|Any CPU.Build.0 = Release|Any CPU
		{00A0A42B-B432-43F8-880B-94659FEC9250}.Release|x64.ActiveCfg = Release|Any CPU
		{00A0A42B-B432-43F8-880B-94659FEC9250}.Release|x64.Build.0 = Release|Any CPU
		{00A0A42B-B432-43F8-880B-94659FEC9250}.Release|x86.ActiveCfg = Release|Any CPU
		{00A0A42B-B432-43F8-880B-94659FEC9250}.Release|x86.Build.0 = Release|Any CPU
		{466243B7-33C7-404E-8ABB-E68314DC47F8}.Debug|Any CPU.ActiveCfg = Debug|Any CPU
		{466243B7-33C7-404E-8ABB-E68314DC47F8}.Debug|Any CPU.Build.0 = Debug|Any CPU
		{466243B7-33C7-404E-8ABB-E68314DC47F8}.Debug|x64.ActiveCfg = Debug|Any CPU
		{466243B7-33C7-404E-8ABB-E68314DC47F8}.Debug|x64.Build.0 = Debug|Any CPU
		{466243B7-33C7-404E-8ABB-E68314DC47F8}.Debug|x86.ActiveCfg = Debug|Any CPU
		{466243B7-33C7-404E-8ABB-E68314DC47F8}.Debug|x86.Build.0 = Debug|Any CPU
		{466243B7-33C7-404E-8ABB-E68314DC47F8}.Release|Any CPU.ActiveCfg = Release|Any CPU
		{466243B7-33C7-404E-8ABB-E68314DC47F8}.Release|Any CPU.Build.0 = Release|Any CPU
		{466243B7-33C7-404E-8ABB-E68314DC47F8}.Release|x64.ActiveCfg = Release|Any CPU
		{466243B7-33C7-404E-8ABB-E68314DC47F8}.Release|x64.Build.0 = Release|Any CPU
		{466243B7-33C7-404E-8ABB-E68314DC47F8}.Release|x86.ActiveCfg = Release|Any CPU
		{466243B7-33C7-404E-8ABB-E68314DC47F8}.Release|x86.Build.0 = Release|Any CPU
		{E994D4CB-F578-4D6A-AB46-6CE49A953834}.Debug|Any CPU.ActiveCfg = Debug|Any CPU
		{E994D4CB-F578-4D6A-AB46-6CE49A953834}.Debug|Any CPU.Build.0 = Debug|Any CPU
		{E994D4CB-F578-4D6A-AB46-6CE49A953834}.Debug|x64.ActiveCfg = Debug|Any CPU
		{E994D4CB-F578-4D6A-AB46-6CE49A953834}.Debug|x64.Build.0 = Debug|Any CPU
		{E994D4CB-F578-4D6A-AB46-6CE49A953834}.Debug|x86.ActiveCfg = Debug|Any CPU
		{E994D4CB-F578-4D6A-AB46-6CE49A953834}.Debug|x86.Build.0 = Debug|Any CPU
		{E994D4CB-F578-4D6A-AB46-6CE49A953834}.Release|Any CPU.ActiveCfg = Release|Any CPU
		{E994D4CB-F578-4D6A-AB46-6CE49A953834}.Release|Any CPU.Build.0 = Release|Any CPU
		{E994D4CB-F578-4D6A-AB46-6CE49A953834}.Release|x64.ActiveCfg = Release|Any CPU
		{E994D4CB-F578-4D6A-AB46-6CE49A953834}.Release|x64.Build.0 = Release|Any CPU
		{E994D4CB-F578-4D6A-AB46-6CE49A953834}.Release|x86.ActiveCfg = Release|Any CPU
		{E994D4CB-F578-4D6A-AB46-6CE49A953834}.Release|x86.Build.0 = Release|Any CPU
		{85DA0291-5791-445B-935E-68F01497E00C}.Debug|Any CPU.ActiveCfg = Debug|Any CPU
		{85DA0291-5791-445B-935E-68F01497E00C}.Debug|Any CPU.Build.0 = Debug|Any CPU
		{85DA0291-5791-445B-935E-68F01497E00C}.Debug|x64.ActiveCfg = Debug|Any CPU
		{85DA0291-5791-445B-935E-68F01497E00C}.Debug|x64.Build.0 = Debug|Any CPU
		{85DA0291-5791-445B-935E-68F01497E00C}.Debug|x86.ActiveCfg = Debug|Any CPU
		{85DA0291-5791-445B-935E-68F01497E00C}.Debug|x86.Build.0 = Debug|Any CPU
		{85DA0291-5791-445B-935E-68F01497E00C}.Release|Any CPU.ActiveCfg = Release|Any CPU
		{85DA0291-5791-445B-935E-68F01497E00C}.Release|Any CPU.Build.0 = Release|Any CPU
		{85DA0291-5791-445B-935E-68F01497E00C}.Release|x64.ActiveCfg = Release|Any CPU
		{85DA0291-5791-445B-935E-68F01497E00C}.Release|x64.Build.0 = Release|Any CPU
		{85DA0291-5791-445B-935E-68F01497E00C}.Release|x86.ActiveCfg = Release|Any CPU
		{85DA0291-5791-445B-935E-68F01497E00C}.Release|x86.Build.0 = Release|Any CPU
		{ABBF2576-8979-44B0-B650-FD15B0B45A49}.Debug|Any CPU.ActiveCfg = Debug|Any CPU
		{ABBF2576-8979-44B0-B650-FD15B0B45A49}.Debug|Any CPU.Build.0 = Debug|Any CPU
		{ABBF2576-8979-44B0-B650-FD15B0B45A49}.Debug|x64.ActiveCfg = Debug|Any CPU
		{ABBF2576-8979-44B0-B650-FD15B0B45A49}.Debug|x64.Build.0 = Debug|Any CPU
		{ABBF2576-8979-44B0-B650-FD15B0B45A49}.Debug|x86.ActiveCfg = Debug|Any CPU
		{ABBF2576-8979-44B0-B650-FD15B0B45A49}.Debug|x86.Build.0 = Debug|Any CPU
		{ABBF2576-8979-44B0-B650-FD15B0B45A49}.Release|Any CPU.ActiveCfg = Release|Any CPU
		{ABBF2576-8979-44B0-B650-FD15B0B45A49}.Release|Any CPU.Build.0 = Release|Any CPU
		{ABBF2576-8979-44B0-B650-FD15B0B45A49}.Release|x64.ActiveCfg = Release|Any CPU
		{ABBF2576-8979-44B0-B650-FD15B0B45A49}.Release|x64.Build.0 = Release|Any CPU
		{ABBF2576-8979-44B0-B650-FD15B0B45A49}.Release|x86.ActiveCfg = Release|Any CPU
		{ABBF2576-8979-44B0-B650-FD15B0B45A49}.Release|x86.Build.0 = Release|Any CPU
		{F0187852-1A79-482D-A177-9F835BB0DD92}.Debug|Any CPU.ActiveCfg = Debug|Any CPU
		{F0187852-1A79-482D-A177-9F835BB0DD92}.Debug|Any CPU.Build.0 = Debug|Any CPU
		{F0187852-1A79-482D-A177-9F835BB0DD92}.Debug|x64.ActiveCfg = Debug|Any CPU
		{F0187852-1A79-482D-A177-9F835BB0DD92}.Debug|x64.Build.0 = Debug|Any CPU
		{F0187852-1A79-482D-A177-9F835BB0DD92}.Debug|x86.ActiveCfg = Debug|Any CPU
		{F0187852-1A79-482D-A177-9F835BB0DD92}.Debug|x86.Build.0 = Debug|Any CPU
		{F0187852-1A79-482D-A177-9F835BB0DD92}.Release|Any CPU.ActiveCfg = Release|Any CPU
		{F0187852-1A79-482D-A177-9F835BB0DD92}.Release|Any CPU.Build.0 = Release|Any CPU
		{F0187852-1A79-482D-A177-9F835BB0DD92}.Release|x64.ActiveCfg = Release|Any CPU
		{F0187852-1A79-482D-A177-9F835BB0DD92}.Release|x64.Build.0 = Release|Any CPU
		{F0187852-1A79-482D-A177-9F835BB0DD92}.Release|x86.ActiveCfg = Release|Any CPU
		{F0187852-1A79-482D-A177-9F835BB0DD92}.Release|x86.Build.0 = Release|Any CPU
		{50C52B22-DEC5-4CD2-8996-7DADEB68EA66}.Debug|Any CPU.ActiveCfg = Debug|Any CPU
		{50C52B22-DEC5-4CD2-8996-7DADEB68EA66}.Debug|Any CPU.Build.0 = Debug|Any CPU
		{50C52B22-DEC5-4CD2-8996-7DADEB68EA66}.Debug|x64.ActiveCfg = Debug|Any CPU
		{50C52B22-DEC5-4CD2-8996-7DADEB68EA66}.Debug|x64.Build.0 = Debug|Any CPU
		{50C52B22-DEC5-4CD2-8996-7DADEB68EA66}.Debug|x86.ActiveCfg = Debug|Any CPU
		{50C52B22-DEC5-4CD2-8996-7DADEB68EA66}.Debug|x86.Build.0 = Debug|Any CPU
		{50C52B22-DEC5-4CD2-8996-7DADEB68EA66}.Release|Any CPU.ActiveCfg = Release|Any CPU
		{50C52B22-DEC5-4CD2-8996-7DADEB68EA66}.Release|Any CPU.Build.0 = Release|Any CPU
		{50C52B22-DEC5-4CD2-8996-7DADEB68EA66}.Release|x64.ActiveCfg = Release|Any CPU
		{50C52B22-DEC5-4CD2-8996-7DADEB68EA66}.Release|x64.Build.0 = Release|Any CPU
		{50C52B22-DEC5-4CD2-8996-7DADEB68EA66}.Release|x86.ActiveCfg = Release|Any CPU
		{50C52B22-DEC5-4CD2-8996-7DADEB68EA66}.Release|x86.Build.0 = Release|Any CPU
		{9839C02D-5447-44DF-8859-A217093DDF25}.Debug|Any CPU.ActiveCfg = Debug|Any CPU
		{9839C02D-5447-44DF-8859-A217093DDF25}.Debug|Any CPU.Build.0 = Debug|Any CPU
		{9839C02D-5447-44DF-8859-A217093DDF25}.Debug|x64.ActiveCfg = Debug|Any CPU
		{9839C02D-5447-44DF-8859-A217093DDF25}.Debug|x64.Build.0 = Debug|Any CPU
		{9839C02D-5447-44DF-8859-A217093DDF25}.Debug|x86.ActiveCfg = Debug|Any CPU
		{9839C02D-5447-44DF-8859-A217093DDF25}.Debug|x86.Build.0 = Debug|Any CPU
		{9839C02D-5447-44DF-8859-A217093DDF25}.Release|Any CPU.ActiveCfg = Release|Any CPU
		{9839C02D-5447-44DF-8859-A217093DDF25}.Release|Any CPU.Build.0 = Release|Any CPU
		{9839C02D-5447-44DF-8859-A217093DDF25}.Release|x64.ActiveCfg = Release|Any CPU
		{9839C02D-5447-44DF-8859-A217093DDF25}.Release|x64.Build.0 = Release|Any CPU
		{9839C02D-5447-44DF-8859-A217093DDF25}.Release|x86.ActiveCfg = Release|Any CPU
		{9839C02D-5447-44DF-8859-A217093DDF25}.Release|x86.Build.0 = Release|Any CPU
	EndGlobalSection
	GlobalSection(SolutionProperties) = preSolution
		HideSolutionNode = FALSE
	EndGlobalSection
	GlobalSection(NestedProjects) = preSolution
		{1CFFA3DB-5A95-4FFA-9A4D-F3F6691148E5} = {4AE8D3DC-FA65-44C7-B79F-983721AD7CFA}
		{CF443847-21F4-417F-B230-C030117B8EE9} = {4AE8D3DC-FA65-44C7-B79F-983721AD7CFA}
		{0EF8803D-9DBF-496E-BB10-507D750CDCDD} = {68A43316-4B38-4A26-B973-3534FB344B69}
		{0C2363AC-A5E1-450F-BEA4-C496AA499A79} = {4AE8D3DC-FA65-44C7-B79F-983721AD7CFA}
		{4BFF88A8-3B38-4F28-9F27-DD8D60865634} = {4AE8D3DC-FA65-44C7-B79F-983721AD7CFA}
		{C7C3E7FF-720D-4E2B-A7CC-A9C4380B558F} = {4AE8D3DC-FA65-44C7-B79F-983721AD7CFA}
		{BF2C20DB-E982-41EA-BC7A-DCA7231F2CBC} = {B116B1B3-9AE8-BDA1-8853-C5505B0E90AE}
		{127F9DFE-3319-412B-B5DB-AA43D49483AC} = {B116B1B3-9AE8-BDA1-8853-C5505B0E90AE}
		{00A0A42B-B432-43F8-880B-94659FEC9250} = {B116B1B3-9AE8-BDA1-8853-C5505B0E90AE}
		{466243B7-33C7-404E-8ABB-E68314DC47F8} = {B116B1B3-9AE8-BDA1-8853-C5505B0E90AE}
		{E994D4CB-F578-4D6A-AB46-6CE49A953834} = {B116B1B3-9AE8-BDA1-8853-C5505B0E90AE}
		{85DA0291-5791-445B-935E-68F01497E00C} = {B116B1B3-9AE8-BDA1-8853-C5505B0E90AE}
		{ABBF2576-8979-44B0-B650-FD15B0B45A49} = {B116B1B3-9AE8-BDA1-8853-C5505B0E90AE}
		{F0187852-1A79-482D-A177-9F835BB0DD92} = {B116B1B3-9AE8-BDA1-8853-C5505B0E90AE}
		{50C52B22-DEC5-4CD2-8996-7DADEB68EA66} = {B116B1B3-9AE8-BDA1-8853-C5505B0E90AE}
		{9839C02D-5447-44DF-8859-A217093DDF25} = {B116B1B3-9AE8-BDA1-8853-C5505B0E90AE}
	EndGlobalSection
EndGlobal
