
Microsoft Visual Studio Solution File, Format Version 12.00
# Visual Studio Version 17
VisualStudioVersion = 17.0.31903.59
MinimumVisualStudioVersion = 10.0.40219.1
Project("{2150E333-8FDC-42A3-9474-1A3956D46DE8}") = "src", "src", "{D776325E-EAB3-4552-A838-8C832C23EC2A}"
EndProject
Project("{FAE04EC0-301F-11D3-BF4B-00C04F79EFBC}") = "NickHR.Core", "src\NickHR.Core\NickHR.Core.csproj", "{86E829E9-238E-4DB3-8B2A-08DA40110934}"
EndProject
Project("{FAE04EC0-301F-11D3-BF4B-00C04F79EFBC}") = "NickHR.Infrastructure", "src\NickHR.Infrastructure\NickHR.Infrastructure.csproj", "{603A7EBD-8083-469C-B7CD-0B73176D92CC}"
EndProject
Project("{FAE04EC0-301F-11D3-BF4B-00C04F79EFBC}") = "NickHR.Services", "src\NickHR.Services\NickHR.Services.csproj", "{8E421986-F4C9-4470-832A-99B864E6FE82}"
EndProject
Project("{FAE04EC0-301F-11D3-BF4B-00C04F79EFBC}") = "NickHR.Services.Payroll", "src\NickHR.Services.Payroll\NickHR.Services.Payroll.csproj", "{DF1B23A7-0C54-4889-8983-5F42517613AE}"
EndProject
Project("{FAE04EC0-301F-11D3-BF4B-00C04F79EFBC}") = "NickHR.Services.Recruitment", "src\NickHR.Services.Recruitment\NickHR.Services.Recruitment.csproj", "{FE0EF455-F2C0-4A5C-B60B-874211DA3BAF}"
EndProject
Project("{FAE04EC0-301F-11D3-BF4B-00C04F79EFBC}") = "NickHR.Shared", "src\NickHR.Shared\NickHR.Shared.csproj", "{33C87767-8514-4DF4-9024-1BF56DC845BE}"
EndProject
Project("{FAE04EC0-301F-11D3-BF4B-00C04F79EFBC}") = "NickHR.API", "src\NickHR.API\NickHR.API.csproj", "{839D2840-A863-4EAD-831D-0625022C0E7F}"
EndProject
Project("{FAE04EC0-301F-11D3-BF4B-00C04F79EFBC}") = "NickHR.WebApp", "src\NickHR.WebApp\NickHR.WebApp.csproj", "{44FC5DC8-2564-481A-977C-875E28A60D79}"
EndProject
Global
	GlobalSection(SolutionConfigurationPlatforms) = preSolution
		Debug|Any CPU = Debug|Any CPU
		Release|Any CPU = Release|Any CPU
	EndGlobalSection
	GlobalSection(SolutionProperties) = preSolution
		HideSolutionNode = FALSE
	EndGlobalSection
	GlobalSection(ProjectConfigurationPlatforms) = postSolution
		{86E829E9-238E-4DB3-8B2A-08DA40110934}.Debug|Any CPU.ActiveCfg = Debug|Any CPU
		{86E829E9-238E-4DB3-8B2A-08DA40110934}.Debug|Any CPU.Build.0 = Debug|Any CPU
		{86E829E9-238E-4DB3-8B2A-08DA40110934}.Release|Any CPU.ActiveCfg = Release|Any CPU
		{86E829E9-238E-4DB3-8B2A-08DA40110934}.Release|Any CPU.Build.0 = Release|Any CPU
		{603A7EBD-8083-469C-B7CD-0B73176D92CC}.Debug|Any CPU.ActiveCfg = Debug|Any CPU
		{603A7EBD-8083-469C-B7CD-0B73176D92CC}.Debug|Any CPU.Build.0 = Debug|Any CPU
		{603A7EBD-8083-469C-B7CD-0B73176D92CC}.Release|Any CPU.ActiveCfg = Release|Any CPU
		{603A7EBD-8083-469C-B7CD-0B73176D92CC}.Release|Any CPU.Build.0 = Release|Any CPU
		{8E421986-F4C9-4470-832A-99B864E6FE82}.Debug|Any CPU.ActiveCfg = Debug|Any CPU
		{8E421986-F4C9-4470-832A-99B864E6FE82}.Debug|Any CPU.Build.0 = Debug|Any CPU
		{8E421986-F4C9-4470-832A-99B864E6FE82}.Release|Any CPU.ActiveCfg = Release|Any CPU
		{8E421986-F4C9-4470-832A-99B864E6FE82}.Release|Any CPU.Build.0 = Release|Any CPU
		{DF1B23A7-0C54-4889-8983-5F42517613AE}.Debug|Any CPU.ActiveCfg = Debug|Any CPU
		{DF1B23A7-0C54-4889-8983-5F42517613AE}.Debug|Any CPU.Build.0 = Debug|Any CPU
		{DF1B23A7-0C54-4889-8983-5F42517613AE}.Release|Any CPU.ActiveCfg = Release|Any CPU
		{DF1B23A7-0C54-4889-8983-5F42517613AE}.Release|Any CPU.Build.0 = Release|Any CPU
		{FE0EF455-F2C0-4A5C-B60B-874211DA3BAF}.Debug|Any CPU.ActiveCfg = Debug|Any CPU
		{FE0EF455-F2C0-4A5C-B60B-874211DA3BAF}.Debug|Any CPU.Build.0 = Debug|Any CPU
		{FE0EF455-F2C0-4A5C-B60B-874211DA3BAF}.Release|Any CPU.ActiveCfg = Release|Any CPU
		{FE0EF455-F2C0-4A5C-B60B-874211DA3BAF}.Release|Any CPU.Build.0 = Release|Any CPU
		{33C87767-8514-4DF4-9024-1BF56DC845BE}.Debug|Any CPU.ActiveCfg = Debug|Any CPU
		{33C87767-8514-4DF4-9024-1BF56DC845BE}.Debug|Any CPU.Build.0 = Debug|Any CPU
		{33C87767-8514-4DF4-9024-1BF56DC845BE}.Release|Any CPU.ActiveCfg = Release|Any CPU
		{33C87767-8514-4DF4-9024-1BF56DC845BE}.Release|Any CPU.Build.0 = Release|Any CPU
		{839D2840-A863-4EAD-831D-0625022C0E7F}.Debug|Any CPU.ActiveCfg = Debug|Any CPU
		{839D2840-A863-4EAD-831D-0625022C0E7F}.Debug|Any CPU.Build.0 = Debug|Any CPU
		{839D2840-A863-4EAD-831D-0625022C0E7F}.Release|Any CPU.ActiveCfg = Release|Any CPU
		{839D2840-A863-4EAD-831D-0625022C0E7F}.Release|Any CPU.Build.0 = Release|Any CPU
		{44FC5DC8-2564-481A-977C-875E28A60D79}.Debug|Any CPU.ActiveCfg = Debug|Any CPU
		{44FC5DC8-2564-481A-977C-875E28A60D79}.Debug|Any CPU.Build.0 = Debug|Any CPU
		{44FC5DC8-2564-481A-977C-875E28A60D79}.Release|Any CPU.ActiveCfg = Release|Any CPU
		{44FC5DC8-2564-481A-977C-875E28A60D79}.Release|Any CPU.Build.0 = Release|Any CPU
	EndGlobalSection
	GlobalSection(NestedProjects) = preSolution
		{86E829E9-238E-4DB3-8B2A-08DA40110934} = {D776325E-EAB3-4552-A838-8C832C23EC2A}
		{603A7EBD-8083-469C-B7CD-0B73176D92CC} = {D776325E-EAB3-4552-A838-8C832C23EC2A}
		{8E421986-F4C9-4470-832A-99B864E6FE82} = {D776325E-EAB3-4552-A838-8C832C23EC2A}
		{DF1B23A7-0C54-4889-8983-5F42517613AE} = {D776325E-EAB3-4552-A838-8C832C23EC2A}
		{FE0EF455-F2C0-4A5C-B60B-874211DA3BAF} = {D776325E-EAB3-4552-A838-8C832C23EC2A}
		{33C87767-8514-4DF4-9024-1BF56DC845BE} = {D776325E-EAB3-4552-A838-8C832C23EC2A}
		{839D2840-A863-4EAD-831D-0625022C0E7F} = {D776325E-EAB3-4552-A838-8C832C23EC2A}
		{44FC5DC8-2564-481A-977C-875E28A60D79} = {D776325E-EAB3-4552-A838-8C832C23EC2A}
	EndGlobalSection
EndGlobal
